
Microsoft Visual Studio Solution File, Format Version 12.00
# Visual Studio Version 16
VisualStudioVersion = 16.0.29709.97
MinimumVisualStudioVersion = 10.0.40219.1
Project("{FAE04EC0-301F-11D3-BF4B-00C04F79EFBC}") = "AskForAge", "AskForAge\AskForAge.csproj", "{7493AD63-218F-4741-B1CF-CAF6BF080289}"
EndProject
Global
	GlobalSection(SolutionConfigurationPlatforms) = preSolution
		Debug|Any CPU = Debug|Any CPU
		Release|Any CPU = Release|Any CPU
	EndGlobalSection
	GlobalSection(ProjectConfigurationPlatforms) = postSolution
		{7493AD63-218F-4741-B1CF-CAF6BF080289}.Debug|Any CPU.ActiveCfg = Debug|Any CPU
		{7493AD63-218F-4741-B1CF-CAF6BF080289}.Debug|Any CPU.Build.0 = Debug|Any CPU
		{7493AD63-218F-4741-B1CF-CAF6BF080289}.Release|Any CPU.ActiveCfg = Release|Any CPU
		{7493AD63-218F-4741-B1CF-CAF6BF080289}.Release|Any CPU.Build.0 = Release|Any CPU
	EndGlobalSection
	GlobalSection(SolutionProperties) = preSolution
		HideSolutionNode = FALSE
	EndGlobalSection
	GlobalSection(ExtensibilityGlobals) = postSolution
		SolutionGuid = {A6640080-6DC4-4119-92A3-5A970638812E}
	EndGlobalSection
EndGlobal
